
Microsoft Visual Studio Solution File, Format Version 12.00
# Visual Studio Version 16
VisualStudioVersion = 16.0.30011.22
MinimumVisualStudioVersion = 10.0.40219.1
Project("{FAE04EC0-301F-11D3-BF4B-00C04F79EFBC}") = "assignmentPg179", "assignmentPg179\assignmentPg179.csproj", "{F826CE9F-0AF3-40AB-A867-4F7CC76FFAEE}"
EndProject
Global
	GlobalSection(SolutionConfigurationPlatforms) = preSolution
		Debug|Any CPU = Debug|Any CPU
		Release|Any CPU = Release|Any CPU
	EndGlobalSection
	GlobalSection(ProjectConfigurationPlatforms) = postSolution
		{F826CE9F-0AF3-40AB-A867-4F7CC76FFAEE}.Debug|Any CPU.ActiveCfg = Debug|Any CPU
		{F826CE9F-0AF3-40AB-A867-4F7CC76FFAEE}.Debug|Any CPU.Build.0 = Debug|Any CPU
		{F826CE9F-0AF3-40AB-A867-4F7CC76FFAEE}.Release|Any CPU.ActiveCfg = Release|Any CPU
		{F826CE9F-0AF3-40AB-A867-4F7CC76FFAEE}.Release|Any CPU.Build.0 = Release|Any CPU
	EndGlobalSection
	GlobalSection(SolutionProperties) = preSolution
		HideSolutionNode = FALSE
	EndGlobalSection
	GlobalSection(ExtensibilityGlobals) = postSolution
		SolutionGuid = {5D50D1BF-CDC4-48CD-A77D-714715706ADA}
	EndGlobalSection
EndGlobal
