
Microsoft Visual Studio Solution File, Format Version 12.00
# Visual Studio Version 16
VisualStudioVersion = 16.0.30011.22
MinimumVisualStudioVersion = 10.0.40219.1
Project("{FAE04EC0-301F-11D3-BF4B-00C04F79EFBC}") = "AssignmentPage71", "AssignmentPage71\AssignmentPage71.csproj", "{E73E52C2-F26A-4867-8FD3-275B964BE745}"
EndProject
Global
	GlobalSection(SolutionConfigurationPlatforms) = preSolution
		Debug|Any CPU = Debug|Any CPU
		Release|Any CPU = Release|Any CPU
	EndGlobalSection
	GlobalSection(ProjectConfigurationPlatforms) = postSolution
		{E73E52C2-F26A-4867-8FD3-275B964BE745}.Debug|Any CPU.ActiveCfg = Debug|Any CPU
		{E73E52C2-F26A-4867-8FD3-275B964BE745}.Debug|Any CPU.Build.0 = Debug|Any CPU
		{E73E52C2-F26A-4867-8FD3-275B964BE745}.Release|Any CPU.ActiveCfg = Release|Any CPU
		{E73E52C2-F26A-4867-8FD3-275B964BE745}.Release|Any CPU.Build.0 = Release|Any CPU
	EndGlobalSection
	GlobalSection(SolutionProperties) = preSolution
		HideSolutionNode = FALSE
	EndGlobalSection
	GlobalSection(ExtensibilityGlobals) = postSolution
		SolutionGuid = {29F49C63-435B-4795-A985-769D92BE8477}
	EndGlobalSection
EndGlobal
