
Microsoft Visual Studio Solution File, Format Version 12.00
# Visual Studio Version 16
VisualStudioVersion = 16.0.30011.22
MinimumVisualStudioVersion = 10.0.40219.1
Project("{FAE04EC0-301F-11D3-BF4B-00C04F79EFBC}") = "assignmentPg161", "assignmentPg161\assignmentPg161.csproj", "{7B7CF189-F60A-4E6A-9C37-BA6B1ECB158B}"
EndProject
Global
	GlobalSection(SolutionConfigurationPlatforms) = preSolution
		Debug|Any CPU = Debug|Any CPU
		Release|Any CPU = Release|Any CPU
	EndGlobalSection
	GlobalSection(ProjectConfigurationPlatforms) = postSolution
		{7B7CF189-F60A-4E6A-9C37-BA6B1ECB158B}.Debug|Any CPU.ActiveCfg = Debug|Any CPU
		{7B7CF189-F60A-4E6A-9C37-BA6B1ECB158B}.Debug|Any CPU.Build.0 = Debug|Any CPU
		{7B7CF189-F60A-4E6A-9C37-BA6B1ECB158B}.Release|Any CPU.ActiveCfg = Release|Any CPU
		{7B7CF189-F60A-4E6A-9C37-BA6B1ECB158B}.Release|Any CPU.Build.0 = Release|Any CPU
	EndGlobalSection
	GlobalSection(SolutionProperties) = preSolution
		HideSolutionNode = FALSE
	EndGlobalSection
	GlobalSection(ExtensibilityGlobals) = postSolution
		SolutionGuid = {4043FB7D-C3FE-4523-B262-56D86E5FAD62}
	EndGlobalSection
EndGlobal
