
Microsoft Visual Studio Solution File, Format Version 12.00
# Visual Studio Version 16
VisualStudioVersion = 16.0.30011.22
MinimumVisualStudioVersion = 10.0.40219.1
Project("{FAE04EC0-301F-11D3-BF4B-00C04F79EFBC}") = "assignmentPg164", "assignmentPg164\assignmentPg164.csproj", "{31B2D4C7-4DD7-468B-9815-6EF41F85D9B9}"
EndProject
Global
	GlobalSection(SolutionConfigurationPlatforms) = preSolution
		Debug|Any CPU = Debug|Any CPU
		Release|Any CPU = Release|Any CPU
	EndGlobalSection
	GlobalSection(ProjectConfigurationPlatforms) = postSolution
		{31B2D4C7-4DD7-468B-9815-6EF41F85D9B9}.Debug|Any CPU.ActiveCfg = Debug|Any CPU
		{31B2D4C7-4DD7-468B-9815-6EF41F85D9B9}.Debug|Any CPU.Build.0 = Debug|Any CPU
		{31B2D4C7-4DD7-468B-9815-6EF41F85D9B9}.Release|Any CPU.ActiveCfg = Release|Any CPU
		{31B2D4C7-4DD7-468B-9815-6EF41F85D9B9}.Release|Any CPU.Build.0 = Release|Any CPU
	EndGlobalSection
	GlobalSection(SolutionProperties) = preSolution
		HideSolutionNode = FALSE
	EndGlobalSection
	GlobalSection(ExtensibilityGlobals) = postSolution
		SolutionGuid = {5260EA62-AB31-4A0E-9147-EA1FCF1AE109}
	EndGlobalSection
EndGlobal
