
Microsoft Visual Studio Solution File, Format Version 12.00
# Visual Studio Version 16
VisualStudioVersion = 16.0.30011.22
MinimumVisualStudioVersion = 10.0.40219.1
Project("{FAE04EC0-301F-11D3-BF4B-00C04F79EFBC}") = "assignmentPg190", "assignmentPg190\assignmentPg190.csproj", "{807BEAFE-2345-4D0C-B67B-A0EF8285288B}"
EndProject
Global
	GlobalSection(SolutionConfigurationPlatforms) = preSolution
		Debug|Any CPU = Debug|Any CPU
		Release|Any CPU = Release|Any CPU
	EndGlobalSection
	GlobalSection(ProjectConfigurationPlatforms) = postSolution
		{807BEAFE-2345-4D0C-B67B-A0EF8285288B}.Debug|Any CPU.ActiveCfg = Debug|Any CPU
		{807BEAFE-2345-4D0C-B67B-A0EF8285288B}.Debug|Any CPU.Build.0 = Debug|Any CPU
		{807BEAFE-2345-4D0C-B67B-A0EF8285288B}.Release|Any CPU.ActiveCfg = Release|Any CPU
		{807BEAFE-2345-4D0C-B67B-A0EF8285288B}.Release|Any CPU.Build.0 = Release|Any CPU
	EndGlobalSection
	GlobalSection(SolutionProperties) = preSolution
		HideSolutionNode = FALSE
	EndGlobalSection
	GlobalSection(ExtensibilityGlobals) = postSolution
		SolutionGuid = {8B7BC1B2-24E0-437E-BBBA-18AF9D095EE3}
	EndGlobalSection
EndGlobal
