
Microsoft Visual Studio Solution File, Format Version 12.00
# Visual Studio Version 16
VisualStudioVersion = 16.0.30011.22
MinimumVisualStudioVersion = 10.0.40219.1
Project("{FAE04EC0-301F-11D3-BF4B-00C04F79EFBC}") = "TechAcadStudentsMVC", "TechAcadStudentsMVC\TechAcadStudentsMVC.csproj", "{3E03698A-882E-4038-9B7E-74CE285CEE30}"
EndProject
Global
	GlobalSection(SolutionConfigurationPlatforms) = preSolution
		Debug|Any CPU = Debug|Any CPU
		Release|Any CPU = Release|Any CPU
	EndGlobalSection
	GlobalSection(ProjectConfigurationPlatforms) = postSolution
		{3E03698A-882E-4038-9B7E-74CE285CEE30}.Debug|Any CPU.ActiveCfg = Debug|Any CPU
		{3E03698A-882E-4038-9B7E-74CE285CEE30}.Debug|Any CPU.Build.0 = Debug|Any CPU
		{3E03698A-882E-4038-9B7E-74CE285CEE30}.Release|Any CPU.ActiveCfg = Release|Any CPU
		{3E03698A-882E-4038-9B7E-74CE285CEE30}.Release|Any CPU.Build.0 = Release|Any CPU
	EndGlobalSection
	GlobalSection(SolutionProperties) = preSolution
		HideSolutionNode = FALSE
	EndGlobalSection
	GlobalSection(ExtensibilityGlobals) = postSolution
		SolutionGuid = {7C3A49CA-862D-452F-A96E-B38255027DA0}
	EndGlobalSection
EndGlobal
