
Microsoft Visual Studio Solution File, Format Version 12.00
# Visual Studio Version 16
VisualStudioVersion = 16.0.30011.22
MinimumVisualStudioVersion = 10.0.40219.1
Project("{FAE04EC0-301F-11D3-BF4B-00C04F79EFBC}") = "assignmentPg125", "assignmentPg125\assignmentPg125.csproj", "{9C21BF65-34C1-4AF2-8FE7-02E0C8CAD34C}"
EndProject
Global
	GlobalSection(SolutionConfigurationPlatforms) = preSolution
		Debug|Any CPU = Debug|Any CPU
		Release|Any CPU = Release|Any CPU
	EndGlobalSection
	GlobalSection(ProjectConfigurationPlatforms) = postSolution
		{9C21BF65-34C1-4AF2-8FE7-02E0C8CAD34C}.Debug|Any CPU.ActiveCfg = Debug|Any CPU
		{9C21BF65-34C1-4AF2-8FE7-02E0C8CAD34C}.Debug|Any CPU.Build.0 = Debug|Any CPU
		{9C21BF65-34C1-4AF2-8FE7-02E0C8CAD34C}.Release|Any CPU.ActiveCfg = Release|Any CPU
		{9C21BF65-34C1-4AF2-8FE7-02E0C8CAD34C}.Release|Any CPU.Build.0 = Release|Any CPU
	EndGlobalSection
	GlobalSection(SolutionProperties) = preSolution
		HideSolutionNode = FALSE
	EndGlobalSection
	GlobalSection(ExtensibilityGlobals) = postSolution
		SolutionGuid = {511B377F-AAEB-47D0-A5AC-1AD58857DCE8}
	EndGlobalSection
EndGlobal
