
Microsoft Visual Studio Solution File, Format Version 12.00
# Visual Studio Version 16
VisualStudioVersion = 16.0.30011.22
MinimumVisualStudioVersion = 10.0.40219.1
Project("{FAE04EC0-301F-11D3-BF4B-00C04F79EFBC}") = "MvcTurtorial", "MvcTurtorial\MvcTurtorial.csproj", "{C3C9B5DB-5DEE-4D0F-9EE3-F4F6739BE5EE}"
EndProject
Global
	GlobalSection(SolutionConfigurationPlatforms) = preSolution
		Debug|Any CPU = Debug|Any CPU
		Release|Any CPU = Release|Any CPU
	EndGlobalSection
	GlobalSection(ProjectConfigurationPlatforms) = postSolution
		{C3C9B5DB-5DEE-4D0F-9EE3-F4F6739BE5EE}.Debug|Any CPU.ActiveCfg = Debug|Any CPU
		{C3C9B5DB-5DEE-4D0F-9EE3-F4F6739BE5EE}.Debug|Any CPU.Build.0 = Debug|Any CPU
		{C3C9B5DB-5DEE-4D0F-9EE3-F4F6739BE5EE}.Release|Any CPU.ActiveCfg = Release|Any CPU
		{C3C9B5DB-5DEE-4D0F-9EE3-F4F6739BE5EE}.Release|Any CPU.Build.0 = Release|Any CPU
	EndGlobalSection
	GlobalSection(SolutionProperties) = preSolution
		HideSolutionNode = FALSE
	EndGlobalSection
	GlobalSection(ExtensibilityGlobals) = postSolution
		SolutionGuid = {4FF0ADD9-5A22-44DB-9E57-59EB97E9FA0D}
	EndGlobalSection
EndGlobal
