
Microsoft Visual Studio Solution File, Format Version 12.00
# Visual Studio Version 16
VisualStudioVersion = 16.0.30011.22
MinimumVisualStudioVersion = 10.0.40219.1
Project("{FAE04EC0-301F-11D3-BF4B-00C04F79EFBC}") = "assignmentPg152", "assignmentPg152\assignmentPg152.csproj", "{BD6BA78F-93E9-4B36-9D32-2EF0FA23FC5F}"
EndProject
Global
	GlobalSection(SolutionConfigurationPlatforms) = preSolution
		Debug|Any CPU = Debug|Any CPU
		Release|Any CPU = Release|Any CPU
	EndGlobalSection
	GlobalSection(ProjectConfigurationPlatforms) = postSolution
		{BD6BA78F-93E9-4B36-9D32-2EF0FA23FC5F}.Debug|Any CPU.ActiveCfg = Debug|Any CPU
		{BD6BA78F-93E9-4B36-9D32-2EF0FA23FC5F}.Debug|Any CPU.Build.0 = Debug|Any CPU
		{BD6BA78F-93E9-4B36-9D32-2EF0FA23FC5F}.Release|Any CPU.ActiveCfg = Release|Any CPU
		{BD6BA78F-93E9-4B36-9D32-2EF0FA23FC5F}.Release|Any CPU.Build.0 = Release|Any CPU
	EndGlobalSection
	GlobalSection(SolutionProperties) = preSolution
		HideSolutionNode = FALSE
	EndGlobalSection
	GlobalSection(ExtensibilityGlobals) = postSolution
		SolutionGuid = {CA54D21D-6E8B-4344-B5F5-CBE5FCC0CB82}
	EndGlobalSection
EndGlobal
