
Microsoft Visual Studio Solution File, Format Version 12.00
# Visual Studio Version 16
VisualStudioVersion = 16.0.30011.22
MinimumVisualStudioVersion = 10.0.40219.1
Project("{FAE04EC0-301F-11D3-BF4B-00C04F79EFBC}") = "assignmentPg187", "assignmentPg187\assignmentPg187.csproj", "{1BFF3285-A544-43F1-8A73-236CA0CA8F42}"
EndProject
Global
	GlobalSection(SolutionConfigurationPlatforms) = preSolution
		Debug|Any CPU = Debug|Any CPU
		Release|Any CPU = Release|Any CPU
	EndGlobalSection
	GlobalSection(ProjectConfigurationPlatforms) = postSolution
		{1BFF3285-A544-43F1-8A73-236CA0CA8F42}.Debug|Any CPU.ActiveCfg = Debug|Any CPU
		{1BFF3285-A544-43F1-8A73-236CA0CA8F42}.Debug|Any CPU.Build.0 = Debug|Any CPU
		{1BFF3285-A544-43F1-8A73-236CA0CA8F42}.Release|Any CPU.ActiveCfg = Release|Any CPU
		{1BFF3285-A544-43F1-8A73-236CA0CA8F42}.Release|Any CPU.Build.0 = Release|Any CPU
	EndGlobalSection
	GlobalSection(SolutionProperties) = preSolution
		HideSolutionNode = FALSE
	EndGlobalSection
	GlobalSection(ExtensibilityGlobals) = postSolution
		SolutionGuid = {051B703F-0991-4F9B-835C-6C6C60B76BE0}
	EndGlobalSection
EndGlobal
